{
  "name": "wsgilite",
  "version": "1.0.13",
  "lockfileVersion": 1,
  "requires": true,
  "dependencies": {
    "blueimp-tmpl": {
      "version": "3.11.0",
      "resolved": "https://registry.npmjs.org/blueimp-tmpl/-/blueimp-tmpl-3.11.0.tgz",
      "integrity": "sha512-+nzph90GQ7YzYdOJNLm1hHJrzWnWbxUGJyJVrLBD+q7HF6PIIjJVNrJCgLkFmNcNvJRKICvWuItL8NpH9Z8J5A=="
    },
    "cookies": {
      "version": "0.7.1",
      "resolved": "https://registry.npmjs.org/cookies/-/cookies-0.7.1.tgz",
      "integrity": "sha1-fIphX1SBxhq58WyDNzG8uPZjuZs=",
      "requires": {
        "depd": "~1.1.1",
        "keygrip": "~1.0.2"
      }
    },
    "csrf": {
      "version": "3.0.6",
      "resolved": "https://registry.npmjs.org/csrf/-/csrf-3.0.6.tgz",
      "integrity": "sha1-thEg3c7q/JHnbtUxO7XAsmZ7cQo=",
      "requires": {
        "rndm": "1.2.0",
        "tsscmp": "1.0.5",
        "uid-safe": "2.1.4"
      }
    },
    "depd": {
      "version": "1.1.2",
      "resolved": "https://registry.npmjs.org/depd/-/depd-1.1.2.tgz",
      "integrity": "sha1-m81S4UwJd2PnSbJ0xDRu0uVgtak="
    },
    "fpes": {
      "version": "1.0.31",
      "resolved": "https://registry.npmjs.org/fpes/-/fpes-1.0.31.tgz",
      "integrity": "sha512-td8onPn3G9OE2ZffFHgj4r8fqSuDBhrQjrHbGpaEVgiqxzYxmxQZ5qymUDV/mFp3XWmFt3cP8MZjx172J/i+kw=="
    },
    "is-incoming-message": {
      "version": "1.0.0",
      "resolved": "https://registry.npmjs.org/is-incoming-message/-/is-incoming-message-1.0.0.tgz",
      "integrity": "sha1-8M/N2z8lLwgzX0e5yTWUGfyj8os="
    },
    "is-server-response": {
      "version": "1.0.0",
      "resolved": "https://registry.npmjs.org/is-server-response/-/is-server-response-1.0.0.tgz",
      "integrity": "sha1-DHxrl3gJ55Yxv1dMWZPT1PwLLNc="
    },
    "keygrip": {
      "version": "1.0.2",
      "resolved": "https://registry.npmjs.org/keygrip/-/keygrip-1.0.2.tgz",
      "integrity": "sha1-rTKXxVcGneqLz+ek+kkbdcXd65E="
    },
    "random-bytes": {
      "version": "1.0.0",
      "resolved": "https://registry.npmjs.org/random-bytes/-/random-bytes-1.0.0.tgz",
      "integrity": "sha1-T2ih3Arli9P7lYSMMDJNt11kNgs="
    },
    "rndm": {
      "version": "1.2.0",
      "resolved": "https://registry.npmjs.org/rndm/-/rndm-1.2.0.tgz",
      "integrity": "sha1-8z/pz7Urv9UgqhgyO8ZdsRCht2w="
    },
    "route-parser": {
      "version": "0.0.5",
      "resolved": "https://registry.npmjs.org/route-parser/-/route-parser-0.0.5.tgz",
      "integrity": "sha1-fR0J0zXkkJQDHqFpkaSnmwG74fQ="
    },
    "server-csrf-check": {
      "version": "1.0.0",
      "resolved": "https://registry.npmjs.org/server-csrf-check/-/server-csrf-check-1.0.0.tgz",
      "integrity": "sha1-IQ7aXszZIcQZnhxn1GiN7ZOu1/Q=",
      "requires": {
        "cookies": "^0.5.1",
        "is-incoming-message": "^1.0.0",
        "is-server-response": "^1.0.0"
      },
      "dependencies": {
        "cookies": {
          "version": "0.5.1",
          "resolved": "https://registry.npmjs.org/cookies/-/cookies-0.5.1.tgz",
          "integrity": "sha1-JWDDBP6PjL0ALgi5WZ0udHnTcpg=",
          "requires": {
            "keygrip": "~1.0.0"
          }
        }
      }
    },
    "tsscmp": {
      "version": "1.0.5",
      "resolved": "https://registry.npmjs.org/tsscmp/-/tsscmp-1.0.5.tgz",
      "integrity": "sha1-fcSjOvcVgatDN9qR2FylQn69mpc="
    },
    "uid-safe": {
      "version": "2.1.4",
      "resolved": "https://registry.npmjs.org/uid-safe/-/uid-safe-2.1.4.tgz",
      "integrity": "sha1-Otbzg2jG1MjHXsF2I/t5qh0HHYE=",
      "requires": {
        "random-bytes": "~1.0.0"
      }
    }
  }
}
